
Microsoft Visual Studio Solution File, Format Version 12.00
# Visual Studio Version 17
VisualStudioVersion = 17.11.35219.272
MinimumVisualStudioVersion = 10.0.40219.1
Project("{9A19103F-16F7-4668-BE54-9A1E7A4F7556}") = "ContatcsManagement", "ContatcsManagement.csproj", "{7473547B-DEC9-4880-A57E-464B314C2B6E}"
EndProject
Project("{9A19103F-16F7-4668-BE54-9A1E7A4F7556}") = "ContactsManagement.Core", "..\ContactsManagement.Core\ContactsManagement.Core.csproj", "{0080C643-B8F3-4EA7-AFCA-C0D1B016729F}"
EndProject
Project("{FAE04EC0-301F-11D3-BF4B-00C04F79EFBC}") = "ContactsManagement.API.Tests", "..\Contactsmanagement.API.Tests\ContactsManagement.API.Tests.csproj", "{A5C2494B-FF1D-4EF3-8971-E24903CCDD9A}"
EndProject
Project("{FAE04EC0-301F-11D3-BF4B-00C04F79EFBC}") = "ContactsManagement.Core.Tests", "..\ContactsManagement.Core.Tests\ContactsManagement.Core.Tests.csproj", "{6E6A49D2-B4E0-4D6C-8CAF-AB90AF2DEDAF}"
EndProject
Global
	GlobalSection(SolutionConfigurationPlatforms) = preSolution
		Debug|Any CPU = Debug|Any CPU
		Release|Any CPU = Release|Any CPU
	EndGlobalSection
	GlobalSection(ProjectConfigurationPlatforms) = postSolution
		{7473547B-DEC9-4880-A57E-464B314C2B6E}.Debug|Any CPU.ActiveCfg = Debug|Any CPU
		{7473547B-DEC9-4880-A57E-464B314C2B6E}.Debug|Any CPU.Build.0 = Debug|Any CPU
		{7473547B-DEC9-4880-A57E-464B314C2B6E}.Release|Any CPU.ActiveCfg = Release|Any CPU
		{7473547B-DEC9-4880-A57E-464B314C2B6E}.Release|Any CPU.Build.0 = Release|Any CPU
		{0080C643-B8F3-4EA7-AFCA-C0D1B016729F}.Debug|Any CPU.ActiveCfg = Debug|Any CPU
		{0080C643-B8F3-4EA7-AFCA-C0D1B016729F}.Debug|Any CPU.Build.0 = Debug|Any CPU
		{0080C643-B8F3-4EA7-AFCA-C0D1B016729F}.Release|Any CPU.ActiveCfg = Release|Any CPU
		{0080C643-B8F3-4EA7-AFCA-C0D1B016729F}.Release|Any CPU.Build.0 = Release|Any CPU
		{A5C2494B-FF1D-4EF3-8971-E24903CCDD9A}.Debug|Any CPU.ActiveCfg = Debug|Any CPU
		{A5C2494B-FF1D-4EF3-8971-E24903CCDD9A}.Debug|Any CPU.Build.0 = Debug|Any CPU
		{A5C2494B-FF1D-4EF3-8971-E24903CCDD9A}.Release|Any CPU.ActiveCfg = Release|Any CPU
		{A5C2494B-FF1D-4EF3-8971-E24903CCDD9A}.Release|Any CPU.Build.0 = Release|Any CPU
		{6E6A49D2-B4E0-4D6C-8CAF-AB90AF2DEDAF}.Debug|Any CPU.ActiveCfg = Debug|Any CPU
		{6E6A49D2-B4E0-4D6C-8CAF-AB90AF2DEDAF}.Debug|Any CPU.Build.0 = Debug|Any CPU
		{6E6A49D2-B4E0-4D6C-8CAF-AB90AF2DEDAF}.Release|Any CPU.ActiveCfg = Release|Any CPU
		{6E6A49D2-B4E0-4D6C-8CAF-AB90AF2DEDAF}.Release|Any CPU.Build.0 = Release|Any CPU
	EndGlobalSection
	GlobalSection(SolutionProperties) = preSolution
		HideSolutionNode = FALSE
	EndGlobalSection
	GlobalSection(ExtensibilityGlobals) = postSolution
		SolutionGuid = {08D7589C-F77E-4335-96EA-43E8AAC80C39}
	EndGlobalSection
EndGlobal
